{
  "nodes": {
    "nixpkgs": {
      "locked": {
        "lastModified": 1689443490,
        "narHash": "sha256-ad8H96SNFwN9DZvxhOTazuWQ0MOYl78W4OBqz3P/cDM=",
        "owner": "NixOS",
        "repo": "nixpkgs",
        "rev": "3368e885d8ce16ff7de272114d773a9514760358",
        "type": "github"
      },
      "original": {
        "owner": "NixOS",
        "ref": "nixos-unstable-small",
        "repo": "nixpkgs",
        "type": "github"
      }
    },
    "root": {
      "inputs": {
        "nixpkgs": "nixpkgs"
      }
    }
  },
  "root": "root",
  "version": 7
}
